// !$*UTF8*$!
{
	archiveVersion = 1;
	classes = {
	};
	objectVersion = 48;
	objects = {

/* Begin PBXBuildFile section */
		0F10E89220225E7C00404A6A /* CustomControl.swift in Sources */ = {isa = PBXBuildFile; fileRef = 0F10E89120225E7C00404A6A /* CustomControl.swift */; };
		0F893F4A202168F900B76FA9 /* LoginViewController.swift in Sources */ = {isa = PBXBuildFile; fileRef = 0F893F49202168F900B76FA9 /* LoginViewController.swift */; };
		1DF725432023D1E900900254 /* RegisterViewController.swift in Sources */ = {isa = PBXBuildFile; fileRef = 1DF725422023D1E900900254 /* RegisterViewController.swift */; };
		2AD04E1574DAAC2BBAA72FD6 /* Pods_ET.framework in Frameworks */ = {isa = PBXBuildFile; fileRef = 06D7F8381F3139ADCA54D4B2 /* Pods_ET.framework */; };
		610EB5B120288A9C003F86F2 /* DLRadioButton.framework in Frameworks */ = {isa = PBXBuildFile; fileRef = 610EB5B220288A9C003F86F2 /* DLRadioButton.framework */; };
		6112EA74201F361F008B4066 /* AppDelegate.swift in Sources */ = {isa = PBXBuildFile; fileRef = 6112EA73201F361F008B4066 /* AppDelegate.swift */; };
		6112EA76201F361F008B4066 /* ViewController.swift in Sources */ = {isa = PBXBuildFile; fileRef = 6112EA75201F361F008B4066 /* ViewController.swift */; };
		6112EA79201F361F008B4066 /* Main.storyboard in Resources */ = {isa = PBXBuildFile; fileRef = 6112EA77201F361F008B4066 /* Main.storyboard */; };
		6112EA7C201F361F008B4066 /* ET.xcdatamodeld in Sources */ = {isa = PBXBuildFile; fileRef = 6112EA7A201F361F008B4066 /* ET.xcdatamodeld */; };
		6112EA7E201F361F008B4066 /* Assets.xcassets in Resources */ = {isa = PBXBuildFile; fileRef = 6112EA7D201F361F008B4066 /* Assets.xcassets */; };
		6112EA81201F361F008B4066 /* LaunchScreen.storyboard in Resources */ = {isa = PBXBuildFile; fileRef = 6112EA7F201F361F008B4066 /* LaunchScreen.storyboard */; };
		6112EA8C201F361F008B4066 /* ETTests.swift in Sources */ = {isa = PBXBuildFile; fileRef = 6112EA8B201F361F008B4066 /* ETTests.swift */; };
		6112EA97201F361F008B4066 /* ETUITests.swift in Sources */ = {isa = PBXBuildFile; fileRef = 6112EA96201F361F008B4066 /* ETUITests.swift */; };
		6112EAA5201F3C7B008B4066 /* GoogleService-Info.plist in Resources */ = {isa = PBXBuildFile; fileRef = 6112EAA4201F3C7B008B4066 /* GoogleService-Info.plist */; };
		6112EAA6201F3C7B008B4066 /* GoogleService-Info.plist in Resources */ = {isa = PBXBuildFile; fileRef = 6112EAA4201F3C7B008B4066 /* GoogleService-Info.plist */; };
		6112EAA7201F3C7B008B4066 /* GoogleService-Info.plist in Resources */ = {isa = PBXBuildFile; fileRef = 6112EAA4201F3C7B008B4066 /* GoogleService-Info.plist */; };
		611CF22020283CED0079F81B /* Filter.swift in Sources */ = {isa = PBXBuildFile; fileRef = 611CF21F20283CED0079F81B /* Filter.swift */; };
		611FFD392028386C0089DD48 /* CollectionViewCell.swift in Sources */ = {isa = PBXBuildFile; fileRef = 611FFD382028386C0089DD48 /* CollectionViewCell.swift */; };
		61960D8F202B0EF50089CC74 /* ResetPassowrdController.swift in Sources */ = {isa = PBXBuildFile; fileRef = 61960D8E202B0EF50089CC74 /* ResetPassowrdController.swift */; };
		8701B57A202B4BB500DBFF44 /* CustomerAccountViewController.swift in Sources */ = {isa = PBXBuildFile; fileRef = 8701B579202B4BB500DBFF44 /* CustomerAccountViewController.swift */; };
		908121B78C6B4D5CEDFF5C8B /* Pods_ETTests.framework in Frameworks */ = {isa = PBXBuildFile; fileRef = AAE9A8CFFB284AEA41F93C29 /* Pods_ETTests.framework */; };
		E376316B2025A35500CFE07B /* MadokaTextField.swift in Sources */ = {isa = PBXBuildFile; fileRef = E376315F2025A35400CFE07B /* MadokaTextField.swift */; };
		E376316C2025A35500CFE07B /* MinoruTextField.swift in Sources */ = {isa = PBXBuildFile; fileRef = E37631602025A35400CFE07B /* MinoruTextField.swift */; };
		E376316D2025A35500CFE07B /* Info.plist in Resources */ = {isa = PBXBuildFile; fileRef = E37631612025A35400CFE07B /* Info.plist */; };
		E376316E2025A35500CFE07B /* TextFieldEffects.swift in Sources */ = {isa = PBXBuildFile; fileRef = E37631622025A35400CFE07B /* TextFieldEffects.swift */; };
		E376316F2025A35500CFE07B /* YokoTextField.swift in Sources */ = {isa = PBXBuildFile; fileRef = E37631632025A35400CFE07B /* YokoTextField.swift */; };
		E37631702025A35500CFE07B /* KaedeTextField.swift in Sources */ = {isa = PBXBuildFile; fileRef = E37631642025A35400CFE07B /* KaedeTextField.swift */; };
		E37631712025A35500CFE07B /* YoshikoTextField.swift in Sources */ = {isa = PBXBuildFile; fileRef = E37631652025A35400CFE07B /* YoshikoTextField.swift */; };
		E37631722025A35500CFE07B /* JiroTextField.swift in Sources */ = {isa = PBXBuildFile; fileRef = E37631662025A35400CFE07B /* JiroTextField.swift */; };
		E37631732025A35500CFE07B /* HoshiTextField.swift in Sources */ = {isa = PBXBuildFile; fileRef = E37631682025A35400CFE07B /* HoshiTextField.swift */; };
		E37631742025A35500CFE07B /* IsaoTextField.swift in Sources */ = {isa = PBXBuildFile; fileRef = E37631692025A35500CFE07B /* IsaoTextField.swift */; };
		E37631752025A35500CFE07B /* AkiraTextField.swift in Sources */ = {isa = PBXBuildFile; fileRef = E376316A2025A35500CFE07B /* AkiraTextField.swift */; };
		E376317F2026027F00CFE07B /* EventInfoController.swift in Sources */ = {isa = PBXBuildFile; fileRef = E376317A2026027E00CFE07B /* EventInfoController.swift */; };
		E37631802026027F00CFE07B /* EventCell.swift in Sources */ = {isa = PBXBuildFile; fileRef = E376317B2026027F00CFE07B /* EventCell.swift */; };
		E37631812026027F00CFE07B /* MainPageController.swift in Sources */ = {isa = PBXBuildFile; fileRef = E376317C2026027F00CFE07B /* MainPageController.swift */; };
		E37631822026027F00CFE07B /* ReviewsViewController.swift in Sources */ = {isa = PBXBuildFile; fileRef = E376317D2026027F00CFE07B /* ReviewsViewController.swift */; };
		F0A9DACC61F75EB2F6F4CBF2 /* Pods_ETUITests.framework in Frameworks */ = {isa = PBXBuildFile; fileRef = A5ED2861E685F6180CCA3F4F /* Pods_ETUITests.framework */; };
/* End PBXBuildFile section */

/* Begin PBXContainerItemProxy section */
		6112EA88201F361F008B4066 /* PBXContainerItemProxy */ = {
			isa = PBXContainerItemProxy;
			containerPortal = 6112EA68201F361F008B4066 /* Project object */;
			proxyType = 1;
			remoteGlobalIDString = 6112EA6F201F361F008B4066;
			remoteInfo = ET;
		};
		6112EA93201F361F008B4066 /* PBXContainerItemProxy */ = {
			isa = PBXContainerItemProxy;
			containerPortal = 6112EA68201F361F008B4066 /* Project object */;
			proxyType = 1;
			remoteGlobalIDString = 6112EA6F201F361F008B4066;
			remoteInfo = ET;
		};
/* End PBXContainerItemProxy section */

/* Begin PBXFileReference section */
		06D7F8381F3139ADCA54D4B2 /* Pods_ET.framework */ = {isa = PBXFileReference; explicitFileType = wrapper.framework; includeInIndex = 0; path = Pods_ET.framework; sourceTree = BUILT_PRODUCTS_DIR; };
		0F10E89120225E7C00404A6A /* CustomControl.swift */ = {isa = PBXFileReference; lastKnownFileType = sourcecode.swift; path = CustomControl.swift; sourceTree = "<group>"; };
		0F893F49202168F900B76FA9 /* LoginViewController.swift */ = {isa = PBXFileReference; lastKnownFileType = sourcecode.swift; path = LoginViewController.swift; sourceTree = "<group>"; };
		138E96B7278E08458988D2F4 /* Pods-ET.release.xcconfig */ = {isa = PBXFileReference; includeInIndex = 1; lastKnownFileType = text.xcconfig; name = "Pods-ET.release.xcconfig"; path = "Pods/Target Support Files/Pods-ET/Pods-ET.release.xcconfig"; sourceTree = "<group>"; };
		1DF725422023D1E900900254 /* RegisterViewController.swift */ = {isa = PBXFileReference; lastKnownFileType = sourcecode.swift; path = RegisterViewController.swift; sourceTree = "<group>"; };
		2C75EB195EF1211A28CB0F8E /* Pods-ETUITests.debug.xcconfig */ = {isa = PBXFileReference; includeInIndex = 1; lastKnownFileType = text.xcconfig; name = "Pods-ETUITests.debug.xcconfig"; path = "Pods/Target Support Files/Pods-ETUITests/Pods-ETUITests.debug.xcconfig"; sourceTree = "<group>"; };
		610EB5B220288A9C003F86F2 /* DLRadioButton.framework */ = {isa = PBXFileReference; explicitFileType = wrapper.framework; path = DLRadioButton.framework; sourceTree = BUILT_PRODUCTS_DIR; };
		6112EA70201F361F008B4066 /* ET.app */ = {isa = PBXFileReference; explicitFileType = wrapper.application; includeInIndex = 0; path = ET.app; sourceTree = BUILT_PRODUCTS_DIR; };
		6112EA73201F361F008B4066 /* AppDelegate.swift */ = {isa = PBXFileReference; lastKnownFileType = sourcecode.swift; path = AppDelegate.swift; sourceTree = "<group>"; };
		6112EA75201F361F008B4066 /* ViewController.swift */ = {isa = PBXFileReference; lastKnownFileType = sourcecode.swift; path = ViewController.swift; sourceTree = "<group>"; };
		6112EA78201F361F008B4066 /* Base */ = {isa = PBXFileReference; lastKnownFileType = file.storyboard; name = Base; path = Base.lproj/Main.storyboard; sourceTree = "<group>"; };
		6112EA7B201F361F008B4066 /* ET.xcdatamodel */ = {isa = PBXFileReference; lastKnownFileType = wrapper.xcdatamodel; path = ET.xcdatamodel; sourceTree = "<group>"; };
		6112EA7D201F361F008B4066 /* Assets.xcassets */ = {isa = PBXFileReference; lastKnownFileType = folder.assetcatalog; path = Assets.xcassets; sourceTree = "<group>"; };
		6112EA80201F361F008B4066 /* Base */ = {isa = PBXFileReference; lastKnownFileType = file.storyboard; name = Base; path = Base.lproj/LaunchScreen.storyboard; sourceTree = "<group>"; };
		6112EA82201F361F008B4066 /* Info.plist */ = {isa = PBXFileReference; lastKnownFileType = text.plist.xml; path = Info.plist; sourceTree = "<group>"; };
		6112EA87201F361F008B4066 /* ETTests.xctest */ = {isa = PBXFileReference; explicitFileType = wrapper.cfbundle; includeInIndex = 0; path = ETTests.xctest; sourceTree = BUILT_PRODUCTS_DIR; };
		6112EA8B201F361F008B4066 /* ETTests.swift */ = {isa = PBXFileReference; lastKnownFileType = sourcecode.swift; path = ETTests.swift; sourceTree = "<group>"; };
		6112EA8D201F361F008B4066 /* Info.plist */ = {isa = PBXFileReference; lastKnownFileType = text.plist.xml; path = Info.plist; sourceTree = "<group>"; };
		6112EA92201F361F008B4066 /* ETUITests.xctest */ = {isa = PBXFileReference; explicitFileType = wrapper.cfbundle; includeInIndex = 0; path = ETUITests.xctest; sourceTree = BUILT_PRODUCTS_DIR; };
		6112EA96201F361F008B4066 /* ETUITests.swift */ = {isa = PBXFileReference; lastKnownFileType = sourcecode.swift; path = ETUITests.swift; sourceTree = "<group>"; };
		6112EA98201F361F008B4066 /* Info.plist */ = {isa = PBXFileReference; lastKnownFileType = text.plist.xml; path = Info.plist; sourceTree = "<group>"; };
		6112EAA4201F3C7B008B4066 /* GoogleService-Info.plist */ = {isa = PBXFileReference; fileEncoding = 4; lastKnownFileType = text.plist.xml; path = "GoogleService-Info.plist"; sourceTree = "<group>"; };
		611CF21F20283CED0079F81B /* Filter.swift */ = {isa = PBXFileReference; fileEncoding = 4; lastKnownFileType = sourcecode.swift; path = Filter.swift; sourceTree = "<group>"; };
		611FFD382028386C0089DD48 /* CollectionViewCell.swift */ = {isa = PBXFileReference; lastKnownFileType = sourcecode.swift; path = CollectionViewCell.swift; sourceTree = "<group>"; };
		61960D8E202B0EF50089CC74 /* ResetPassowrdController.swift */ = {isa = PBXFileReference; lastKnownFileType = sourcecode.swift; path = ResetPassowrdController.swift; sourceTree = "<group>"; };
		82BF392546C7BABBA63BF4F0 /* Pods-ETTests.debug.xcconfig */ = {isa = PBXFileReference; includeInIndex = 1; lastKnownFileType = text.xcconfig; name = "Pods-ETTests.debug.xcconfig"; path = "Pods/Target Support Files/Pods-ETTests/Pods-ETTests.debug.xcconfig"; sourceTree = "<group>"; };
		8701B579202B4BB500DBFF44 /* CustomerAccountViewController.swift */ = {isa = PBXFileReference; lastKnownFileType = sourcecode.swift; path = CustomerAccountViewController.swift; sourceTree = "<group>"; };
		9D2F93D9D0230C7CAFCFD168 /* Pods-ETUITests.release.xcconfig */ = {isa = PBXFileReference; includeInIndex = 1; lastKnownFileType = text.xcconfig; name = "Pods-ETUITests.release.xcconfig"; path = "Pods/Target Support Files/Pods-ETUITests/Pods-ETUITests.release.xcconfig"; sourceTree = "<group>"; };
		A5ED2861E685F6180CCA3F4F /* Pods_ETUITests.framework */ = {isa = PBXFileReference; explicitFileType = wrapper.framework; includeInIndex = 0; path = Pods_ETUITests.framework; sourceTree = BUILT_PRODUCTS_DIR; };
		AAE9A8CFFB284AEA41F93C29 /* Pods_ETTests.framework */ = {isa = PBXFileReference; explicitFileType = wrapper.framework; includeInIndex = 0; path = Pods_ETTests.framework; sourceTree = BUILT_PRODUCTS_DIR; };
		C5866B852EE8F01A68AFB1A1 /* Pods-ET.debug.xcconfig */ = {isa = PBXFileReference; includeInIndex = 1; lastKnownFileType = text.xcconfig; name = "Pods-ET.debug.xcconfig"; path = "Pods/Target Support Files/Pods-ET/Pods-ET.debug.xcconfig"; sourceTree = "<group>"; };
		D53FE9472F91CC0C83C79968 /* Pods-ETTests.release.xcconfig */ = {isa = PBXFileReference; includeInIndex = 1; lastKnownFileType = text.xcconfig; name = "Pods-ETTests.release.xcconfig"; path = "Pods/Target Support Files/Pods-ETTests/Pods-ETTests.release.xcconfig"; sourceTree = "<group>"; };
		E376315F2025A35400CFE07B /* MadokaTextField.swift */ = {isa = PBXFileReference; fileEncoding = 4; lastKnownFileType = sourcecode.swift; path = MadokaTextField.swift; sourceTree = "<group>"; };
		E37631602025A35400CFE07B /* MinoruTextField.swift */ = {isa = PBXFileReference; fileEncoding = 4; lastKnownFileType = sourcecode.swift; path = MinoruTextField.swift; sourceTree = "<group>"; };
		E37631612025A35400CFE07B /* Info.plist */ = {isa = PBXFileReference; fileEncoding = 4; lastKnownFileType = text.plist.xml; path = Info.plist; sourceTree = "<group>"; };
		E37631622025A35400CFE07B /* TextFieldEffects.swift */ = {isa = PBXFileReference; fileEncoding = 4; lastKnownFileType = sourcecode.swift; path = TextFieldEffects.swift; sourceTree = "<group>"; };
		E37631632025A35400CFE07B /* YokoTextField.swift */ = {isa = PBXFileReference; fileEncoding = 4; lastKnownFileType = sourcecode.swift; path = YokoTextField.swift; sourceTree = "<group>"; };
		E37631642025A35400CFE07B /* KaedeTextField.swift */ = {isa = PBXFileReference; fileEncoding = 4; lastKnownFileType = sourcecode.swift; path = KaedeTextField.swift; sourceTree = "<group>"; };
		E37631652025A35400CFE07B /* YoshikoTextField.swift */ = {isa = PBXFileReference; fileEncoding = 4; lastKnownFileType = sourcecode.swift; path = YoshikoTextField.swift; sourceTree = "<group>"; };
		E37631662025A35400CFE07B /* JiroTextField.swift */ = {isa = PBXFileReference; fileEncoding = 4; lastKnownFileType = sourcecode.swift; path = JiroTextField.swift; sourceTree = "<group>"; };
		E37631672025A35400CFE07B /* TextFieldEffects.h */ = {isa = PBXFileReference; fileEncoding = 4; lastKnownFileType = sourcecode.c.h; path = TextFieldEffects.h; sourceTree = "<group>"; };
		E37631682025A35400CFE07B /* HoshiTextField.swift */ = {isa = PBXFileReference; fileEncoding = 4; lastKnownFileType = sourcecode.swift; path = HoshiTextField.swift; sourceTree = "<group>"; };
		E37631692025A35500CFE07B /* IsaoTextField.swift */ = {isa = PBXFileReference; fileEncoding = 4; lastKnownFileType = sourcecode.swift; path = IsaoTextField.swift; sourceTree = "<group>"; };
		E376316A2025A35500CFE07B /* AkiraTextField.swift */ = {isa = PBXFileReference; fileEncoding = 4; lastKnownFileType = sourcecode.swift; path = AkiraTextField.swift; sourceTree = "<group>"; };
		E376317A2026027E00CFE07B /* EventInfoController.swift */ = {isa = PBXFileReference; fileEncoding = 4; lastKnownFileType = sourcecode.swift; path = EventInfoController.swift; sourceTree = "<group>"; };
		E376317B2026027F00CFE07B /* EventCell.swift */ = {isa = PBXFileReference; fileEncoding = 4; lastKnownFileType = sourcecode.swift; path = EventCell.swift; sourceTree = "<group>"; };
		E376317C2026027F00CFE07B /* MainPageController.swift */ = {isa = PBXFileReference; fileEncoding = 4; lastKnownFileType = sourcecode.swift; path = MainPageController.swift; sourceTree = "<group>"; };
		E376317D2026027F00CFE07B /* ReviewsViewController.swift */ = {isa = PBXFileReference; fileEncoding = 4; lastKnownFileType = sourcecode.swift; path = ReviewsViewController.swift; sourceTree = "<group>"; };
/* End PBXFileReference section */

/* Begin PBXFrameworksBuildPhase section */
		6112EA6D201F361F008B4066 /* Frameworks */ = {
			isa = PBXFrameworksBuildPhase;
			buildActionMask = 2147483647;
			files = (
				610EB5B120288A9C003F86F2 /* DLRadioButton.framework in Frameworks */,
				2AD04E1574DAAC2BBAA72FD6 /* Pods_ET.framework in Frameworks */,
			);
			runOnlyForDeploymentPostprocessing = 0;
		};
		6112EA84201F361F008B4066 /* Frameworks */ = {
			isa = PBXFrameworksBuildPhase;
			buildActionMask = 2147483647;
			files = (
				908121B78C6B4D5CEDFF5C8B /* Pods_ETTests.framework in Frameworks */,
			);
			runOnlyForDeploymentPostprocessing = 0;
		};
		6112EA8F201F361F008B4066 /* Frameworks */ = {
			isa = PBXFrameworksBuildPhase;
			buildActionMask = 2147483647;
			files = (
				F0A9DACC61F75EB2F6F4CBF2 /* Pods_ETUITests.framework in Frameworks */,
			);
			runOnlyForDeploymentPostprocessing = 0;
		};
/* End PBXFrameworksBuildPhase section */

/* Begin PBXGroup section */
		48C7860F38BE2B93B3DA77BB /* Pods */ = {
			isa = PBXGroup;
			children = (
				C5866B852EE8F01A68AFB1A1 /* Pods-ET.debug.xcconfig */,
				138E96B7278E08458988D2F4 /* Pods-ET.release.xcconfig */,
				82BF392546C7BABBA63BF4F0 /* Pods-ETTests.debug.xcconfig */,
				D53FE9472F91CC0C83C79968 /* Pods-ETTests.release.xcconfig */,
				2C75EB195EF1211A28CB0F8E /* Pods-ETUITests.debug.xcconfig */,
				9D2F93D9D0230C7CAFCFD168 /* Pods-ETUITests.release.xcconfig */,
			);
			name = Pods;
			sourceTree = "<group>";
		};
		6112EA67201F361F008B4066 = {
			isa = PBXGroup;
			children = (
				6112EA72201F361F008B4066 /* ET */,
				6112EA8A201F361F008B4066 /* ETTests */,
				6112EA95201F361F008B4066 /* ETUITests */,
				6112EA71201F361F008B4066 /* Products */,
				48C7860F38BE2B93B3DA77BB /* Pods */,
				7AEC63A9A1C57DBF52F8C9DB /* Frameworks */,
			);
			sourceTree = "<group>";
		};
		6112EA71201F361F008B4066 /* Products */ = {
			isa = PBXGroup;
			children = (
				6112EA70201F361F008B4066 /* ET.app */,
				6112EA87201F361F008B4066 /* ETTests.xctest */,
				6112EA92201F361F008B4066 /* ETUITests.xctest */,
			);
			name = Products;
			sourceTree = "<group>";
		};
		6112EA72201F361F008B4066 /* ET */ = {
			isa = PBXGroup;
			children = (
				E3763178202601B800CFE07B /* Views */,
				E37631772026018F00CFE07B /* Models */,
				E37631762026016000CFE07B /* Cotrollers */,
				E376315E2025A32A00CFE07B /* TextField */,
				6112EA73201F361F008B4066 /* AppDelegate.swift */,
				6112EA75201F361F008B4066 /* ViewController.swift */,
				6112EA7D201F361F008B4066 /* Assets.xcassets */,
				6112EA82201F361F008B4066 /* Info.plist */,
				6112EAA4201F3C7B008B4066 /* GoogleService-Info.plist */,
				6112EA7A201F361F008B4066 /* ET.xcdatamodeld */,
			);
			path = ET;
			sourceTree = "<group>";
		};
		6112EA8A201F361F008B4066 /* ETTests */ = {
			isa = PBXGroup;
			children = (
				6112EA8B201F361F008B4066 /* ETTests.swift */,
				6112EA8D201F361F008B4066 /* Info.plist */,
			);
			path = ETTests;
			sourceTree = "<group>";
		};
		6112EA95201F361F008B4066 /* ETUITests */ = {
			isa = PBXGroup;
			children = (
				6112EA96201F361F008B4066 /* ETUITests.swift */,
				6112EA98201F361F008B4066 /* Info.plist */,
			);
			path = ETUITests;
			sourceTree = "<group>";
		};
		7AEC63A9A1C57DBF52F8C9DB /* Frameworks */ = {
			isa = PBXGroup;
			children = (
				610EB5B220288A9C003F86F2 /* DLRadioButton.framework */,
				06D7F8381F3139ADCA54D4B2 /* Pods_ET.framework */,
				AAE9A8CFFB284AEA41F93C29 /* Pods_ETTests.framework */,
				A5ED2861E685F6180CCA3F4F /* Pods_ETUITests.framework */,
			);
			name = Frameworks;
			sourceTree = "<group>";
		};
		E376315E2025A32A00CFE07B /* TextField */ = {
			isa = PBXGroup;
			children = (
				E376316A2025A35500CFE07B /* AkiraTextField.swift */,
				E37631682025A35400CFE07B /* HoshiTextField.swift */,
				E37631612025A35400CFE07B /* Info.plist */,
				E37631692025A35500CFE07B /* IsaoTextField.swift */,
				E37631662025A35400CFE07B /* JiroTextField.swift */,
				E37631642025A35400CFE07B /* KaedeTextField.swift */,
				E376315F2025A35400CFE07B /* MadokaTextField.swift */,
				E37631602025A35400CFE07B /* MinoruTextField.swift */,
				E37631672025A35400CFE07B /* TextFieldEffects.h */,
				E37631622025A35400CFE07B /* TextFieldEffects.swift */,
				E37631632025A35400CFE07B /* YokoTextField.swift */,
				E37631652025A35400CFE07B /* YoshikoTextField.swift */,
			);
			path = TextField;
			sourceTree = "<group>";
		};
		E37631762026016000CFE07B /* Cotrollers */ = {
			isa = PBXGroup;
			children = (
				8701B579202B4BB500DBFF44 /* CustomerAccountViewController.swift */,
				611FFD382028386C0089DD48 /* CollectionViewCell.swift */,
				E376317B2026027F00CFE07B /* EventCell.swift */,
				E376317A2026027E00CFE07B /* EventInfoController.swift */,
				E376317C2026027F00CFE07B /* MainPageController.swift */,
				E376317D2026027F00CFE07B /* ReviewsViewController.swift */,
				0F10E89120225E7C00404A6A /* CustomControl.swift */,
				611CF21F20283CED0079F81B /* Filter.swift */,
				0F893F49202168F900B76FA9 /* LoginViewController.swift */,
				61960D8E202B0EF50089CC74 /* ResetPassowrdController.swift */,
				1DF725422023D1E900900254 /* RegisterViewController.swift */,
			);
			path = Cotrollers;
			sourceTree = "<group>";
		};
		E37631772026018F00CFE07B /* Models */ = {
			isa = PBXGroup;
			children = (
			);
			path = Models;
			sourceTree = "<group>";
		};
		E3763178202601B800CFE07B /* Views */ = {
			isa = PBXGroup;
			children = (
				6112EA7F201F361F008B4066 /* LaunchScreen.storyboard */,
				6112EA77201F361F008B4066 /* Main.storyboard */,
			);
			path = Views;
			sourceTree = "<group>";
		};
/* End PBXGroup section */

/* Begin PBXNativeTarget section */
		6112EA6F201F361F008B4066 /* ET */ = {
			isa = PBXNativeTarget;
			buildConfigurationList = 6112EA9B201F361F008B4066 /* Build configuration list for PBXNativeTarget "ET" */;
			buildPhases = (
				FFB4F23E26FD62BC6FEC398D /* [CP] Check Pods Manifest.lock */,
				6112EA6C201F361F008B4066 /* Sources */,
				6112EA6D201F361F008B4066 /* Frameworks */,
				6112EA6E201F361F008B4066 /* Resources */,
				A2FE37FCBC1C39EBB5B72F1E /* [CP] Embed Pods Frameworks */,
				43F55B1A8E01713043BCD58A /* [CP] Copy Pods Resources */,
			);
			buildRules = (
			);
			dependencies = (
			);
			name = ET;
			productName = ET;
			productReference = 6112EA70201F361F008B4066 /* ET.app */;
			productType = "com.apple.product-type.application";
		};
		6112EA86201F361F008B4066 /* ETTests */ = {
			isa = PBXNativeTarget;
			buildConfigurationList = 6112EA9E201F361F008B4066 /* Build configuration list for PBXNativeTarget "ETTests" */;
			buildPhases = (
				2217FDA1CA26038B779094B5 /* [CP] Check Pods Manifest.lock */,
				6112EA83201F361F008B4066 /* Sources */,
				6112EA84201F361F008B4066 /* Frameworks */,
				6112EA85201F361F008B4066 /* Resources */,
				892DE5A163A4E69620092116 /* [CP] Embed Pods Frameworks */,
				7F8562772A9842447E9E9A85 /* [CP] Copy Pods Resources */,
			);
			buildRules = (
			);
			dependencies = (
				6112EA89201F361F008B4066 /* PBXTargetDependency */,
			);
			name = ETTests;
			productName = ETTests;
			productReference = 6112EA87201F361F008B4066 /* ETTests.xctest */;
			productType = "com.apple.product-type.bundle.unit-test";
		};
		6112EA91201F361F008B4066 /* ETUITests */ = {
			isa = PBXNativeTarget;
			buildConfigurationList = 6112EAA1201F361F008B4066 /* Build configuration list for PBXNativeTarget "ETUITests" */;
			buildPhases = (
				096225E04ACEA788459C2205 /* [CP] Check Pods Manifest.lock */,
				6112EA8E201F361F008B4066 /* Sources */,
				6112EA8F201F361F008B4066 /* Frameworks */,
				6112EA90201F361F008B4066 /* Resources */,
				4DF090536682CE7B7756B491 /* [CP] Embed Pods Frameworks */,
				85A91C621F87FAD0B01B4911 /* [CP] Copy Pods Resources */,
			);
			buildRules = (
			);
			dependencies = (
				6112EA94201F361F008B4066 /* PBXTargetDependency */,
			);
			name = ETUITests;
			productName = ETUITests;
			productReference = 6112EA92201F361F008B4066 /* ETUITests.xctest */;
			productType = "com.apple.product-type.bundle.ui-testing";
		};
/* End PBXNativeTarget section */

/* Begin PBXProject section */
		6112EA68201F361F008B4066 /* Project object */ = {
			isa = PBXProject;
			attributes = {
				LastSwiftUpdateCheck = 0920;
				LastUpgradeCheck = 0920;
				ORGANIZATIONNAME = com.GP.ET;
				TargetAttributes = {
					6112EA6F201F361F008B4066 = {
						CreatedOnToolsVersion = 9.2;
						ProvisioningStyle = Automatic;
					};
					6112EA86201F361F008B4066 = {
						CreatedOnToolsVersion = 9.2;
						ProvisioningStyle = Automatic;
						TestTargetID = 6112EA6F201F361F008B4066;
					};
					6112EA91201F361F008B4066 = {
						CreatedOnToolsVersion = 9.2;
						ProvisioningStyle = Automatic;
						TestTargetID = 6112EA6F201F361F008B4066;
					};
				};
			};
			buildConfigurationList = 6112EA6B201F361F008B4066 /* Build configuration list for PBXProject "ET" */;
			compatibilityVersion = "Xcode 8.0";
			developmentRegion = en;
			hasScannedForEncodings = 0;
			knownRegions = (
				en,
				Base,
			);
			mainGroup = 6112EA67201F361F008B4066;
			productRefGroup = 6112EA71201F361F008B4066 /* Products */;
			projectDirPath = "";
			projectRoot = "";
			targets = (
				6112EA6F201F361F008B4066 /* ET */,
				6112EA86201F361F008B4066 /* ETTests */,
				6112EA91201F361F008B4066 /* ETUITests */,
			);
		};
/* End PBXProject section */

/* Begin PBXResourcesBuildPhase section */
		6112EA6E201F361F008B4066 /* Resources */ = {
			isa = PBXResourcesBuildPhase;
			buildActionMask = 2147483647;
			files = (
				6112EA81201F361F008B4066 /* LaunchScreen.storyboard in Resources */,
				6112EAA5201F3C7B008B4066 /* GoogleService-Info.plist in Resources */,
				6112EA7E201F361F008B4066 /* Assets.xcassets in Resources */,
				E376316D2025A35500CFE07B /* Info.plist in Resources */,
				6112EA79201F361F008B4066 /* Main.storyboard in Resources */,
			);
			runOnlyForDeploymentPostprocessing = 0;
		};
		6112EA85201F361F008B4066 /* Resources */ = {
			isa = PBXResourcesBuildPhase;
			buildActionMask = 2147483647;
			files = (
				6112EAA6201F3C7B008B4066 /* GoogleService-Info.plist in Resources */,
			);
			runOnlyForDeploymentPostprocessing = 0;
		};
		6112EA90201F361F008B4066 /* Resources */ = {
			isa = PBXResourcesBuildPhase;
			buildActionMask = 2147483647;
			files = (
				6112EAA7201F3C7B008B4066 /* GoogleService-Info.plist in Resources */,
			);
			runOnlyForDeploymentPostprocessing = 0;
		};
/* End PBXResourcesBuildPhase section */

/* Begin PBXShellScriptBuildPhase section */
		096225E04ACEA788459C2205 /* [CP] Check Pods Manifest.lock */ = {
			isa = PBXShellScriptBuildPhase;
			buildActionMask = 2147483647;
			files = (
			);
			inputPaths = (
				"${PODS_PODFILE_DIR_PATH}/Podfile.lock",
				"${PODS_ROOT}/Manifest.lock",
			);
			name = "[CP] Check Pods Manifest.lock";
			outputPaths = (
				"$(DERIVED_FILE_DIR)/Pods-ETUITests-checkManifestLockResult.txt",
			);
			runOnlyForDeploymentPostprocessing = 0;
			shellPath = /bin/sh;
			shellScript = "diff \"${PODS_PODFILE_DIR_PATH}/Podfile.lock\" \"${PODS_ROOT}/Manifest.lock\" > /dev/null\nif [ $? != 0 ] ; then\n    # print error to STDERR\n    echo \"error: The sandbox is not in sync with the Podfile.lock. Run 'pod install' or update your CocoaPods installation.\" >&2\n    exit 1\nfi\n# This output is used by Xcode 'outputs' to avoid re-running this script phase.\necho \"SUCCESS\" > \"${SCRIPT_OUTPUT_FILE_0}\"\n";
			showEnvVarsInLog = 0;
		};
		2217FDA1CA26038B779094B5 /* [CP] Check Pods Manifest.lock */ = {
			isa = PBXShellScriptBuildPhase;
			buildActionMask = 2147483647;
			files = (
			);
			inputPaths = (
				"${PODS_PODFILE_DIR_PATH}/Podfile.lock",
				"${PODS_ROOT}/Manifest.lock",
			);
			name = "[CP] Check Pods Manifest.lock";
			outputPaths = (
				"$(DERIVED_FILE_DIR)/Pods-ETTests-checkManifestLockResult.txt",
			);
			runOnlyForDeploymentPostprocessing = 0;
			shellPath = /bin/sh;
			shellScript = "diff \"${PODS_PODFILE_DIR_PATH}/Podfile.lock\" \"${PODS_ROOT}/Manifest.lock\" > /dev/null\nif [ $? != 0 ] ; then\n    # print error to STDERR\n    echo \"error: The sandbox is not in sync with the Podfile.lock. Run 'pod install' or update your CocoaPods installation.\" >&2\n    exit 1\nfi\n# This output is used by Xcode 'outputs' to avoid re-running this script phase.\necho \"SUCCESS\" > \"${SCRIPT_OUTPUT_FILE_0}\"\n";
			showEnvVarsInLog = 0;
		};
		43F55B1A8E01713043BCD58A /* [CP] Copy Pods Resources */ = {
			isa = PBXShellScriptBuildPhase;
			buildActionMask = 2147483647;
			files = (
			);
			inputPaths = (
			);
			name = "[CP] Copy Pods Resources";
			outputPaths = (
			);
			runOnlyForDeploymentPostprocessing = 0;
			shellPath = /bin/sh;
			shellScript = "\"${SRCROOT}/Pods/Target Support Files/Pods-ET/Pods-ET-resources.sh\"\n";
			showEnvVarsInLog = 0;
		};
		4DF090536682CE7B7756B491 /* [CP] Embed Pods Frameworks */ = {
			isa = PBXShellScriptBuildPhase;
			buildActionMask = 2147483647;
			files = (
			);
			inputPaths = (
			);
			name = "[CP] Embed Pods Frameworks";
			outputPaths = (
			);
			runOnlyForDeploymentPostprocessing = 0;
			shellPath = /bin/sh;
			shellScript = "\"${SRCROOT}/Pods/Target Support Files/Pods-ETUITests/Pods-ETUITests-frameworks.sh\"\n";
			showEnvVarsInLog = 0;
		};
		7F8562772A9842447E9E9A85 /* [CP] Copy Pods Resources */ = {
			isa = PBXShellScriptBuildPhase;
			buildActionMask = 2147483647;
			files = (
			);
			inputPaths = (
			);
			name = "[CP] Copy Pods Resources";
			outputPaths = (
			);
			runOnlyForDeploymentPostprocessing = 0;
			shellPath = /bin/sh;
			shellScript = "\"${SRCROOT}/Pods/Target Support Files/Pods-ETTests/Pods-ETTests-resources.sh\"\n";
			showEnvVarsInLog = 0;
		};
		85A91C621F87FAD0B01B4911 /* [CP] Copy Pods Resources */ = {
			isa = PBXShellScriptBuildPhase;
			buildActionMask = 2147483647;
			files = (
			);
			inputPaths = (
			);
			name = "[CP] Copy Pods Resources";
			outputPaths = (
			);
			runOnlyForDeploymentPostprocessing = 0;
			shellPath = /bin/sh;
			shellScript = "\"${SRCROOT}/Pods/Target Support Files/Pods-ETUITests/Pods-ETUITests-resources.sh\"\n";
			showEnvVarsInLog = 0;
		};
		892DE5A163A4E69620092116 /* [CP] Embed Pods Frameworks */ = {
			isa = PBXShellScriptBuildPhase;
			buildActionMask = 2147483647;
			files = (
			);
			inputPaths = (
			);
			name = "[CP] Embed Pods Frameworks";
			outputPaths = (
			);
			runOnlyForDeploymentPostprocessing = 0;
			shellPath = /bin/sh;
			shellScript = "\"${SRCROOT}/Pods/Target Support Files/Pods-ETTests/Pods-ETTests-frameworks.sh\"\n";
			showEnvVarsInLog = 0;
		};
		A2FE37FCBC1C39EBB5B72F1E /* [CP] Embed Pods Frameworks */ = {
			isa = PBXShellScriptBuildPhase;
			buildActionMask = 2147483647;
			files = (
			);
			inputPaths = (
				"${SRCROOT}/Pods/Target Support Files/Pods-ET/Pods-ET-frameworks.sh",
				"${BUILT_PRODUCTS_DIR}/DLRadioButton/DLRadioButton.framework",
				"${BUILT_PRODUCTS_DIR}/GTMSessionFetcher/GTMSessionFetcher.framework",
				"${BUILT_PRODUCTS_DIR}/GoogleToolboxForMac/GoogleToolboxForMac.framework",
				"${BUILT_PRODUCTS_DIR}/leveldb-library/leveldb.framework",
				"${BUILT_PRODUCTS_DIR}/nanopb/nanopb.framework",
			);
			name = "[CP] Embed Pods Frameworks";
			outputPaths = (
				"${TARGET_BUILD_DIR}/${FRAMEWORKS_FOLDER_PATH}/DLRadioButton.framework",
				"${TARGET_BUILD_DIR}/${FRAMEWORKS_FOLDER_PATH}/GTMSessionFetcher.framework",
				"${TARGET_BUILD_DIR}/${FRAMEWORKS_FOLDER_PATH}/GoogleToolboxForMac.framework",
				"${TARGET_BUILD_DIR}/${FRAMEWORKS_FOLDER_PATH}/leveldb.framework",
				"${TARGET_BUILD_DIR}/${FRAMEWORKS_FOLDER_PATH}/nanopb.framework",
			);
			runOnlyForDeploymentPostprocessing = 0;
			shellPath = /bin/sh;
			shellScript = "\"${SRCROOT}/Pods/Target Support Files/Pods-ET/Pods-ET-frameworks.sh\"\n";
			showEnvVarsInLog = 0;
		};
		FFB4F23E26FD62BC6FEC398D /* [CP] Check Pods Manifest.lock */ = {
			isa = PBXShellScriptBuildPhase;
			buildActionMask = 2147483647;
			files = (
			);
			inputPaths = (
				"${PODS_PODFILE_DIR_PATH}/Podfile.lock",
				"${PODS_ROOT}/Manifest.lock",
			);
			name = "[CP] Check Pods Manifest.lock";
			outputPaths = (
				"$(DERIVED_FILE_DIR)/Pods-ET-checkManifestLockResult.txt",
			);
			runOnlyForDeploymentPostprocessing = 0;
			shellPath = /bin/sh;
			shellScript = "diff \"${PODS_PODFILE_DIR_PATH}/Podfile.lock\" \"${PODS_ROOT}/Manifest.lock\" > /dev/null\nif [ $? != 0 ] ; then\n    # print error to STDERR\n    echo \"error: The sandbox is not in sync with the Podfile.lock. Run 'pod install' or update your CocoaPods installation.\" >&2\n    exit 1\nfi\n# This output is used by Xcode 'outputs' to avoid re-running this script phase.\necho \"SUCCESS\" > \"${SCRIPT_OUTPUT_FILE_0}\"\n";
			showEnvVarsInLog = 0;
		};
/* End PBXShellScriptBuildPhase section */

/* Begin PBXSourcesBuildPhase section */
		6112EA6C201F361F008B4066 /* Sources */ = {
			isa = PBXSourcesBuildPhase;
			buildActionMask = 2147483647;
			files = (
				E37631712025A35500CFE07B /* YoshikoTextField.swift in Sources */,
				E37631822026027F00CFE07B /* ReviewsViewController.swift in Sources */,
				1DF725432023D1E900900254 /* RegisterViewController.swift in Sources */,
				0F893F4A202168F900B76FA9 /* LoginViewController.swift in Sources */,
				E37631732025A35500CFE07B /* HoshiTextField.swift in Sources */,
				E376316E2025A35500CFE07B /* TextFieldEffects.swift in Sources */,
				E37631752025A35500CFE07B /* AkiraTextField.swift in Sources */,
				E376316B2025A35500CFE07B /* MadokaTextField.swift in Sources */,
				E376316F2025A35500CFE07B /* YokoTextField.swift in Sources */,
				E37631702025A35500CFE07B /* KaedeTextField.swift in Sources */,
				6112EA76201F361F008B4066 /* ViewController.swift in Sources */,
				E37631802026027F00CFE07B /* EventCell.swift in Sources */,
				6112EA74201F361F008B4066 /* AppDelegate.swift in Sources */,
				611CF22020283CED0079F81B /* Filter.swift in Sources */,
				E37631812026027F00CFE07B /* MainPageController.swift in Sources */,
				E37631722025A35500CFE07B /* JiroTextField.swift in Sources */,
				8701B57A202B4BB500DBFF44 /* CustomerAccountViewController.swift in Sources */,
				61960D8F202B0EF50089CC74 /* ResetPassowrdController.swift in Sources */,
				E37631742025A35500CFE07B /* IsaoTextField.swift in Sources */,
				E376316C2025A35500CFE07B /* MinoruTextField.swift in Sources */,
				611FFD392028386C0089DD48 /* CollectionViewCell.swift in Sources */,
				0F10E89220225E7C00404A6A /* CustomControl.swift in Sources */,
				E376317F2026027F00CFE07B /* EventInfoController.swift in Sources */,
				6112EA7C201F361F008B4066 /* ET.xcdatamodeld in Sources */,
			);
			runOnlyForDeploymentPostprocessing = 0;
		};
		6112EA83201F361F008B4066 /* Sources */ = {
			isa = PBXSourcesBuildPhase;
			buildActionMask = 2147483647;
			files = (
				6112EA8C201F361F008B4066 /* ETTests.swift in Sources */,
			);
			runOnlyForDeploymentPostprocessing = 0;
		};
		6112EA8E201F361F008B4066 /* Sources */ = {
			isa = PBXSourcesBuildPhase;
			buildActionMask = 2147483647;
			files = (
				6112EA97201F361F008B4066 /* ETUITests.swift in Sources */,
			);
			runOnlyForDeploymentPostprocessing = 0;
		};
/* End PBXSourcesBuildPhase section */

/* Begin PBXTargetDependency section */
		6112EA89201F361F008B4066 /* PBXTargetDependency */ = {
			isa = PBXTargetDependency;
			target = 6112EA6F201F361F008B4066 /* ET */;
			targetProxy = 6112EA88201F361F008B4066 /* PBXContainerItemProxy */;
		};
		6112EA94201F361F008B4066 /* PBXTargetDependency */ = {
			isa = PBXTargetDependency;
			target = 6112EA6F201F361F008B4066 /* ET */;
			targetProxy = 6112EA93201F361F008B4066 /* PBXContainerItemProxy */;
		};
/* End PBXTargetDependency section */

/* Begin PBXVariantGroup section */
		6112EA77201F361F008B4066 /* Main.storyboard */ = {
			isa = PBXVariantGroup;
			children = (
				6112EA78201F361F008B4066 /* Base */,
			);
			name = Main.storyboard;
			sourceTree = "<group>";
		};
		6112EA7F201F361F008B4066 /* LaunchScreen.storyboard */ = {
			isa = PBXVariantGroup;
			children = (
				6112EA80201F361F008B4066 /* Base */,
			);
			name = LaunchScreen.storyboard;
			sourceTree = "<group>";
		};
/* End PBXVariantGroup section */

/* Begin XCBuildConfiguration section */
		6112EA99201F361F008B4066 /* Debug */ = {
			isa = XCBuildConfiguration;
			buildSettings = {
				ALWAYS_SEARCH_USER_PATHS = NO;
				CLANG_ANALYZER_NONNULL = YES;
				CLANG_ANALYZER_NUMBER_OBJECT_CONVERSION = YES_AGGRESSIVE;
				CLANG_CXX_LANGUAGE_STANDARD = "gnu++14";
				CLANG_CXX_LIBRARY = "libc++";
				CLANG_ENABLE_MODULES = YES;
				CLANG_ENABLE_OBJC_ARC = YES;
				CLANG_WARN_BLOCK_CAPTURE_AUTORELEASING = YES;
				CLANG_WARN_BOOL_CONVERSION = YES;
				CLANG_WARN_COMMA = YES;
				CLANG_WARN_CONSTANT_CONVERSION = YES;
				CLANG_WARN_DIRECT_OBJC_ISA_USAGE = YES_ERROR;
				CLANG_WARN_DOCUMENTATION_COMMENTS = YES;
				CLANG_WARN_EMPTY_BODY = YES;
				CLANG_WARN_ENUM_CONVERSION = YES;
				CLANG_WARN_INFINITE_RECURSION = YES;
				CLANG_WARN_INT_CONVERSION = YES;
				CLANG_WARN_NON_LITERAL_NULL_CONVERSION = YES;
				CLANG_WARN_OBJC_LITERAL_CONVERSION = YES;
				CLANG_WARN_OBJC_ROOT_CLASS = YES_ERROR;
				CLANG_WARN_RANGE_LOOP_ANALYSIS = YES;
				CLANG_WARN_STRICT_PROTOTYPES = YES;
				CLANG_WARN_SUSPICIOUS_MOVE = YES;
				CLANG_WARN_UNGUARDED_AVAILABILITY = YES_AGGRESSIVE;
				CLANG_WARN_UNREACHABLE_CODE = YES;
				CLANG_WARN__DUPLICATE_METHOD_MATCH = YES;
				CODE_SIGN_IDENTITY = "iPhone Developer";
				COPY_PHASE_STRIP = NO;
				DEBUG_INFORMATION_FORMAT = dwarf;
				ENABLE_STRICT_OBJC_MSGSEND = YES;
				ENABLE_TESTABILITY = YES;
				GCC_C_LANGUAGE_STANDARD = gnu11;
				GCC_DYNAMIC_NO_PIC = NO;
				GCC_NO_COMMON_BLOCKS = YES;
				GCC_OPTIMIZATION_LEVEL = 0;
				GCC_PREPROCESSOR_DEFINITIONS = (
					"DEBUG=1",
					"$(inherited)",
				);
				GCC_WARN_64_TO_32_BIT_CONVERSION = YES;
				GCC_WARN_ABOUT_RETURN_TYPE = YES_ERROR;
				GCC_WARN_UNDECLARED_SELECTOR = YES;
				GCC_WARN_UNINITIALIZED_AUTOS = YES_AGGRESSIVE;
				GCC_WARN_UNUSED_FUNCTION = YES;
				GCC_WARN_UNUSED_VARIABLE = YES;
				IPHONEOS_DEPLOYMENT_TARGET = 11.2;
				MTL_ENABLE_DEBUG_INFO = YES;
				ONLY_ACTIVE_ARCH = YES;
				SDKROOT = iphoneos;
				SWIFT_ACTIVE_COMPILATION_CONDITIONS = DEBUG;
				SWIFT_OPTIMIZATION_LEVEL = "-Onone";
			};
			name = Debug;
		};
		6112EA9A201F361F008B4066 /* Release */ = {
			isa = XCBuildConfiguration;
			buildSettings = {
				ALWAYS_SEARCH_USER_PATHS = NO;
				CLANG_ANALYZER_NONNULL = YES;
				CLANG_ANALYZER_NUMBER_OBJECT_CONVERSION = YES_AGGRESSIVE;
				CLANG_CXX_LANGUAGE_STANDARD = "gnu++14";
				CLANG_CXX_LIBRARY = "libc++";
				CLANG_ENABLE_MODULES = YES;
				CLANG_ENABLE_OBJC_ARC = YES;
				CLANG_WARN_BLOCK_CAPTURE_AUTORELEASING = YES;
				CLANG_WARN_BOOL_CONVERSION = YES;
				CLANG_WARN_COMMA = YES;
				CLANG_WARN_CONSTANT_CONVERSION = YES;
				CLANG_WARN_DIRECT_OBJC_ISA_USAGE = YES_ERROR;
				CLANG_WARN_DOCUMENTATION_COMMENTS = YES;
				CLANG_WARN_EMPTY_BODY = YES;
				CLANG_WARN_ENUM_CONVERSION = YES;
				CLANG_WARN_INFINITE_RECURSION = YES;
				CLANG_WARN_INT_CONVERSION = YES;
				CLANG_WARN_NON_LITERAL_NULL_CONVERSION = YES;
				CLANG_WARN_OBJC_LITERAL_CONVERSION = YES;
				CLANG_WARN_OBJC_ROOT_CLASS = YES_ERROR;
				CLANG_WARN_RANGE_LOOP_ANALYSIS = YES;
				CLANG_WARN_STRICT_PROTOTYPES = YES;
				CLANG_WARN_SUSPICIOUS_MOVE = YES;
				CLANG_WARN_UNGUARDED_AVAILABILITY = YES_AGGRESSIVE;
				CLANG_WARN_UNREACHABLE_CODE = YES;
				CLANG_WARN__DUPLICATE_METHOD_MATCH = YES;
				CODE_SIGN_IDENTITY = "iPhone Developer";
				COPY_PHASE_STRIP = NO;
				DEBUG_INFORMATION_FORMAT = "dwarf-with-dsym";
				ENABLE_NS_ASSERTIONS = NO;
				ENABLE_STRICT_OBJC_MSGSEND = YES;
				GCC_C_LANGUAGE_STANDARD = gnu11;
				GCC_NO_COMMON_BLOCKS = YES;
				GCC_WARN_64_TO_32_BIT_CONVERSION = YES;
				GCC_WARN_ABOUT_RETURN_TYPE = YES_ERROR;
				GCC_WARN_UNDECLARED_SELECTOR = YES;
				GCC_WARN_UNINITIALIZED_AUTOS = YES_AGGRESSIVE;
				GCC_WARN_UNUSED_FUNCTION = YES;
				GCC_WARN_UNUSED_VARIABLE = YES;
				IPHONEOS_DEPLOYMENT_TARGET = 11.2;
				MTL_ENABLE_DEBUG_INFO = NO;
				SDKROOT = iphoneos;
				SWIFT_OPTIMIZATION_LEVEL = "-Owholemodule";
				VALIDATE_PRODUCT = YES;
			};
			name = Release;
		};
		6112EA9C201F361F008B4066 /* Debug */ = {
			isa = XCBuildConfiguration;
			baseConfigurationReference = C5866B852EE8F01A68AFB1A1 /* Pods-ET.debug.xcconfig */;
			buildSettings = {
				ASSETCATALOG_COMPILER_APPICON_NAME = AppIcon;
				CODE_SIGN_STYLE = Automatic;
				DEVELOPMENT_TEAM = 4HPCAWM8R7;
				INFOPLIST_FILE = ET/Info.plist;
				LD_RUNPATH_SEARCH_PATHS = "$(inherited) @executable_path/Frameworks";
				PRODUCT_BUNDLE_IDENTIFIER = com.GP.ET;
				PRODUCT_NAME = "$(TARGET_NAME)";
				SWIFT_VERSION = 4.0;
				TARGETED_DEVICE_FAMILY = "1,2";
			};
			name = Debug;
		};
		6112EA9D201F361F008B4066 /* Release */ = {
			isa = XCBuildConfiguration;
			baseConfigurationReference = 138E96B7278E08458988D2F4 /* Pods-ET.release.xcconfig */;
			buildSettings = {
				ASSETCATALOG_COMPILER_APPICON_NAME = AppIcon;
				CODE_SIGN_STYLE = Automatic;
				DEVELOPMENT_TEAM = 4HPCAWM8R7;
				INFOPLIST_FILE = ET/Info.plist;
				LD_RUNPATH_SEARCH_PATHS = "$(inherited) @executable_path/Frameworks";
				PRODUCT_BUNDLE_IDENTIFIER = com.GP.ET;
				PRODUCT_NAME = "$(TARGET_NAME)";
				SWIFT_VERSION = 4.0;
				TARGETED_DEVICE_FAMILY = "1,2";
			};
			name = Release;
		};
		6112EA9F201F361F008B4066 /* Debug */ = {
			isa = XCBuildConfiguration;
			baseConfigurationReference = 82BF392546C7BABBA63BF4F0 /* Pods-ETTests.debug.xcconfig */;
			buildSettings = {
				ALWAYS_EMBED_SWIFT_STANDARD_LIBRARIES = YES;
				BUNDLE_LOADER = "$(TEST_HOST)";
				CODE_SIGN_STYLE = Automatic;
				DEVELOPMENT_TEAM = 4HPCAWM8R7;
				INFOPLIST_FILE = ETTests/Info.plist;
				LD_RUNPATH_SEARCH_PATHS = "$(inherited) @executable_path/Frameworks @loader_path/Frameworks";
				PRODUCT_BUNDLE_IDENTIFIER = com.GP.ETTests;
				PRODUCT_NAME = "$(TARGET_NAME)";
				SWIFT_VERSION = 4.0;
				TARGETED_DEVICE_FAMILY = "1,2";
				TEST_HOST = "$(BUILT_PRODUCTS_DIR)/ET.app/ET";
			};
			name = Debug;
		};
		6112EAA0201F361F008B4066 /* Release */ = {
			isa = XCBuildConfiguration;
			baseConfigurationReference = D53FE9472F91CC0C83C79968 /* Pods-ETTests.release.xcconfig */;
			buildSettings = {
				ALWAYS_EMBED_SWIFT_STANDARD_LIBRARIES = YES;
				BUNDLE_LOADER = "$(TEST_HOST)";
				CODE_SIGN_STYLE = Automatic;
				DEVELOPMENT_TEAM = 4HPCAWM8R7;
				INFOPLIST_FILE = ETTests/Info.plist;
				LD_RUNPATH_SEARCH_PATHS = "$(inherited) @executable_path/Frameworks @loader_path/Frameworks";
				PRODUCT_BUNDLE_IDENTIFIER = com.GP.ETTests;
				PRODUCT_NAME = "$(TARGET_NAME)";
				SWIFT_VERSION = 4.0;
				TARGETED_DEVICE_FAMILY = "1,2";
				TEST_HOST = "$(BUILT_PRODUCTS_DIR)/ET.app/ET";
			};
			name = Release;
		};
		6112EAA2201F361F008B4066 /* Debug */ = {
			isa = XCBuildConfiguration;
			baseConfigurationReference = 2C75EB195EF1211A28CB0F8E /* Pods-ETUITests.debug.xcconfig */;
			buildSettings = {
				ALWAYS_EMBED_SWIFT_STANDARD_LIBRARIES = YES;
				CODE_SIGN_STYLE = Automatic;
				DEVELOPMENT_TEAM = 4HPCAWM8R7;
				INFOPLIST_FILE = ETUITests/Info.plist;
				LD_RUNPATH_SEARCH_PATHS = "$(inherited) @executable_path/Frameworks @loader_path/Frameworks";
				PRODUCT_BUNDLE_IDENTIFIER = com.GP.ETUITests;
				PRODUCT_NAME = "$(TARGET_NAME)";
				SWIFT_VERSION = 4.0;
				TARGETED_DEVICE_FAMILY = "1,2";
				TEST_TARGET_NAME = ET;
			};
			name = Debug;
		};
		6112EAA3201F361F008B4066 /* Release */ = {
			isa = XCBuildConfiguration;
			baseConfigurationReference = 9D2F93D9D0230C7CAFCFD168 /* Pods-ETUITests.release.xcconfig */;
			buildSettings = {
				ALWAYS_EMBED_SWIFT_STANDARD_LIBRARIES = YES;
				CODE_SIGN_STYLE = Automatic;
				DEVELOPMENT_TEAM = 4HPCAWM8R7;
				INFOPLIST_FILE = ETUITests/Info.plist;
				LD_RUNPATH_SEARCH_PATHS = "$(inherited) @executable_path/Frameworks @loader_path/Frameworks";
				PRODUCT_BUNDLE_IDENTIFIER = com.GP.ETUITests;
				PRODUCT_NAME = "$(TARGET_NAME)";
				SWIFT_VERSION = 4.0;
				TARGETED_DEVICE_FAMILY = "1,2";
				TEST_TARGET_NAME = ET;
			};
			name = Release;
		};
/* End XCBuildConfiguration section */

/* Begin XCConfigurationList section */
		6112EA6B201F361F008B4066 /* Build configuration list for PBXProject "ET" */ = {
			isa = XCConfigurationList;
			buildConfigurations = (
				6112EA99201F361F008B4066 /* Debug */,
				6112EA9A201F361F008B4066 /* Release */,
			);
			defaultConfigurationIsVisible = 0;
			defaultConfigurationName = Release;
		};
		6112EA9B201F361F008B4066 /* Build configuration list for PBXNativeTarget "ET" */ = {
			isa = XCConfigurationList;
			buildConfigurations = (
				6112EA9C201F361F008B4066 /* Debug */,
				6112EA9D201F361F008B4066 /* Release */,
			);
			defaultConfigurationIsVisible = 0;
			defaultConfigurationName = Release;
		};
		6112EA9E201F361F008B4066 /* Build configuration list for PBXNativeTarget "ETTests" */ = {
			isa = XCConfigurationList;
			buildConfigurations = (
				6112EA9F201F361F008B4066 /* Debug */,
				6112EAA0201F361F008B4066 /* Release */,
			);
			defaultConfigurationIsVisible = 0;
			defaultConfigurationName = Release;
		};
		6112EAA1201F361F008B4066 /* Build configuration list for PBXNativeTarget "ETUITests" */ = {
			isa = XCConfigurationList;
			buildConfigurations = (
				6112EAA2201F361F008B4066 /* Debug */,
				6112EAA3201F361F008B4066 /* Release */,
			);
			defaultConfigurationIsVisible = 0;
			defaultConfigurationName = Release;
		};
/* End XCConfigurationList section */

/* Begin XCVersionGroup section */
		6112EA7A201F361F008B4066 /* ET.xcdatamodeld */ = {
			isa = XCVersionGroup;
			children = (
				6112EA7B201F361F008B4066 /* ET.xcdatamodel */,
			);
			currentVersion = 6112EA7B201F361F008B4066 /* ET.xcdatamodel */;
			path = ET.xcdatamodeld;
			sourceTree = "<group>";
			versionGroupType = wrapper.xcdatamodel;
		};
/* End XCVersionGroup section */
	};
	rootObject = 6112EA68201F361F008B4066 /* Project object */;
}
